{
  "name": "mgx-multi-select",
  "version": "0.0.1",
  "lockfileVersion": 1,
  "requires": true,
  "dependencies": {
    "@angular/material": {
      "version": "12.1.3",
      "resolved": "https://registry.npmjs.org/@angular/material/-/material-12.1.3.tgz",
      "integrity": "sha512-ekkg3MDEN133NhcE0du7a69lFAIFyvK6Va+YRTxYQE0BCNVMTWXtGbOXZLovDMjgo1xdXwrEJrMRBeYo+FIttA==",
      "requires": {
        "tslib": "^2.2.0"
      },
      "dependencies": {
        "tslib": {
          "version": "2.3.0",
          "resolved": "https://registry.npmjs.org/tslib/-/tslib-2.3.0.tgz",
          "integrity": "sha512-N82ooyxVNm6h1riLCoyS9e3fuJ3AMG2zIZs2Gd1ATcSFjSA23Q0fzjjZeh0jbJvWVDZ0cJT8yaNNaaXHzueNjg=="
        }
      }
    }
  }
}
